// !$*UTF8*$!
{
	archiveVersion = 1;
	classes = {
	};
	objectVersion = 56;
	objects = {

/* Begin PBXBuildFile section */
		213E41E92E0EBB4200ACB15D /* Assets.xcassets in Resources */ = {isa = PBXBuildFile; fileRef = 213E41C32E0EBB4200ACB15D /* Assets.xcassets */; };
		213E41EA2E0EBB4200ACB15D /* Preview Assets.xcassets in Resources */ = {isa = PBXBuildFile; fileRef = 213E41C12E0EBB4200ACB15D /* Preview Assets.xcassets */; };
		213E41ED2E0EBB4200ACB15D /* GradeButton.swift in Sources */ = {isa = PBXBuildFile; fileRef = 213E41E12E0EBB4200ACB15D /* GradeButton.swift */; };
		213E41EF2E0EBB4200ACB15D /* PromptInputView.swift in Sources */ = {isa = PBXBuildFile; fileRef = 213E41E22E0EBB4200ACB15D /* PromptInputView.swift */; };
		213E41F72E0EBB4200ACB15D /* EssayTypeSelector.swift in Sources */ = {isa = PBXBuildFile; fileRef = 213E41E02E0EBB4200ACB15D /* EssayTypeSelector.swift */; };
		213E41FC2E0EBB4200ACB15D /* EssayInputView.swift in Sources */ = {isa = PBXBuildFile; fileRef = 213E41DF2E0EBB4200ACB15D /* EssayInputView.swift */; };
		213E42042E0EBB4200ACB15D /* APUSHGraderApp.swift in Sources */ = {isa = PBXBuildFile; fileRef = 213E41B72E0EBB4200ACB15D /* APUSHGraderApp.swift */; };
		213E42052E0EBB4200ACB15D /* ContentView.swift in Sources */ = {isa = PBXBuildFile; fileRef = 213E41E42E0EBB4200ACB15D /* ContentView.swift */; };
		213E422A2E0ED33600ACB15D /* CLAUDE.md in Resources */ = {isa = PBXBuildFile; fileRef = 213E42282E0ED33600ACB15D /* CLAUDE.md */; };
		213E422B2E0ED33600ACB15D /* README.md in Resources */ = {isa = PBXBuildFile; fileRef = 213E42292E0ED33600ACB15D /* README.md */; };
		213E422D2E0ED37B00ACB15D /* Info.plist.template in Resources */ = {isa = PBXBuildFile; fileRef = 213E422C2E0ED37B00ACB15D /* Info.plist.template */; };
		21E71A022E17F520008646FF /* PLAN.md in Resources */ = {isa = PBXBuildFile; fileRef = 21E71A012E17F520008646FF /* PLAN.md */; };
		21E71A0A2E19C995008646FF /* NetworkService.swift in Sources */ = {isa = PBXBuildFile; fileRef = 21E71A082E19C995008646FF /* NetworkService.swift */; };
		21E71A0B2E19C995008646FF /* APIModels.swift in Sources */ = {isa = PBXBuildFile; fileRef = 21E71A062E19C995008646FF /* APIModels.swift */; };
		21E71A0D2E19CF23008646FF /* APIGradeResultsView.swift in Sources */ = {isa = PBXBuildFile; fileRef = 21E71A0C2E19CF23008646FF /* APIGradeResultsView.swift */; };
/* End PBXBuildFile section */

/* Begin PBXFileReference section */
		1234567890123452 /* APUSHGrader.app */ = {isa = PBXFileReference; explicitFileType = wrapper.application; includeInIndex = 0; path = APUSHGrader.app; sourceTree = BUILT_PRODUCTS_DIR; };
		213E41B72E0EBB4200ACB15D /* APUSHGraderApp.swift */ = {isa = PBXFileReference; lastKnownFileType = sourcecode.swift; path = APUSHGraderApp.swift; sourceTree = "<group>"; };
		213E41B82E0EBB4200ACB15D /* Info.plist */ = {isa = PBXFileReference; lastKnownFileType = text.plist.xml; path = Info.plist; sourceTree = "<group>"; };
		213E41C12E0EBB4200ACB15D /* Preview Assets.xcassets */ = {isa = PBXFileReference; lastKnownFileType = folder.assetcatalog; path = "Preview Assets.xcassets"; sourceTree = "<group>"; };
		213E41C32E0EBB4200ACB15D /* Assets.xcassets */ = {isa = PBXFileReference; lastKnownFileType = folder.assetcatalog; path = Assets.xcassets; sourceTree = "<group>"; };
		213E41DF2E0EBB4200ACB15D /* EssayInputView.swift */ = {isa = PBXFileReference; lastKnownFileType = sourcecode.swift; path = EssayInputView.swift; sourceTree = "<group>"; };
		213E41E02E0EBB4200ACB15D /* EssayTypeSelector.swift */ = {isa = PBXFileReference; lastKnownFileType = sourcecode.swift; path = EssayTypeSelector.swift; sourceTree = "<group>"; };
		213E41E12E0EBB4200ACB15D /* GradeButton.swift */ = {isa = PBXFileReference; lastKnownFileType = sourcecode.swift; path = GradeButton.swift; sourceTree = "<group>"; };
		213E41E22E0EBB4200ACB15D /* PromptInputView.swift */ = {isa = PBXFileReference; lastKnownFileType = sourcecode.swift; path = PromptInputView.swift; sourceTree = "<group>"; };
		213E41E42E0EBB4200ACB15D /* ContentView.swift */ = {isa = PBXFileReference; lastKnownFileType = sourcecode.swift; path = ContentView.swift; sourceTree = "<group>"; };
		213E42282E0ED33600ACB15D /* CLAUDE.md */ = {isa = PBXFileReference; lastKnownFileType = net.daringfireball.markdown; path = CLAUDE.md; sourceTree = "<group>"; };
		213E42292E0ED33600ACB15D /* README.md */ = {isa = PBXFileReference; lastKnownFileType = net.daringfireball.markdown; path = README.md; sourceTree = "<group>"; };
		213E422C2E0ED37B00ACB15D /* Info.plist.template */ = {isa = PBXFileReference; lastKnownFileType = text.xml; path = Info.plist.template; sourceTree = "<group>"; };
		21E71A012E17F520008646FF /* PLAN.md */ = {isa = PBXFileReference; lastKnownFileType = net.daringfireball.markdown; path = PLAN.md; sourceTree = "<group>"; };
		21E71A062E19C995008646FF /* APIModels.swift */ = {isa = PBXFileReference; lastKnownFileType = sourcecode.swift; path = APIModels.swift; sourceTree = "<group>"; };
		21E71A082E19C995008646FF /* NetworkService.swift */ = {isa = PBXFileReference; lastKnownFileType = sourcecode.swift; path = NetworkService.swift; sourceTree = "<group>"; };
		21E71A0C2E19CF23008646FF /* APIGradeResultsView.swift */ = {isa = PBXFileReference; lastKnownFileType = sourcecode.swift; path = APIGradeResultsView.swift; sourceTree = "<group>"; };
/* End PBXFileReference section */

/* Begin PBXFrameworksBuildPhase section */
		123456789012344F /* Frameworks */ = {
			isa = PBXFrameworksBuildPhase;
			buildActionMask = 2147483647;
			files = (
			);
			runOnlyForDeploymentPostprocessing = 0;
		};
/* End PBXFrameworksBuildPhase section */

/* Begin PBXGroup section */
		1234567890123449 = {
			isa = PBXGroup;
			children = (
				21E71A012E17F520008646FF /* PLAN.md */,
				213E422C2E0ED37B00ACB15D /* Info.plist.template */,
				213E42282E0ED33600ACB15D /* CLAUDE.md */,
				213E42292E0ED33600ACB15D /* README.md */,
				1234567890123454 /* APUSHGrader */,
				1234567890123453 /* Products */,
			);
			sourceTree = "<group>";
		};
		1234567890123453 /* Products */ = {
			isa = PBXGroup;
			children = (
				1234567890123452 /* APUSHGrader.app */,
			);
			name = Products;
			sourceTree = "<group>";
		};
		1234567890123454 /* APUSHGrader */ = {
			isa = PBXGroup;
			children = (
				21E71A072E19C995008646FF /* Models */,
				21E71A092E19C995008646FF /* Services */,
				213E41B92E0EBB4200ACB15D /* App */,
				213E41C42E0EBB4200ACB15D /* Resources */,
				213E41DE2E0EBB4200ACB15D /* Utilities */,
				213E41E72E0EBB4200ACB15D /* Views */,
			);
			path = APUSHGrader;
			sourceTree = "<group>";
		};
		213E41B92E0EBB4200ACB15D /* App */ = {
			isa = PBXGroup;
			children = (
				213E41B72E0EBB4200ACB15D /* APUSHGraderApp.swift */,
				213E41B82E0EBB4200ACB15D /* Info.plist */,
			);
			path = App;
			sourceTree = "<group>";
		};
		213E41C22E0EBB4200ACB15D /* Preview Content */ = {
			isa = PBXGroup;
			children = (
				213E41C12E0EBB4200ACB15D /* Preview Assets.xcassets */,
			);
			path = "Preview Content";
			sourceTree = "<group>";
		};
		213E41C42E0EBB4200ACB15D /* Resources */ = {
			isa = PBXGroup;
			children = (
				213E41C22E0EBB4200ACB15D /* Preview Content */,
				213E41C32E0EBB4200ACB15D /* Assets.xcassets */,
			);
			path = Resources;
			sourceTree = "<group>";
		};
		213E41DB2E0EBB4200ACB15D /* Constants */ = {
			isa = PBXGroup;
			children = (
			);
			path = Constants;
			sourceTree = "<group>";
		};
		213E41DC2E0EBB4200ACB15D /* Extensions */ = {
			isa = PBXGroup;
			children = (
			);
			path = Extensions;
			sourceTree = "<group>";
		};
		213E41DD2E0EBB4200ACB15D /* Helpers */ = {
			isa = PBXGroup;
			children = (
			);
			path = Helpers;
			sourceTree = "<group>";
		};
		213E41DE2E0EBB4200ACB15D /* Utilities */ = {
			isa = PBXGroup;
			children = (
				213E41DB2E0EBB4200ACB15D /* Constants */,
				213E41DC2E0EBB4200ACB15D /* Extensions */,
				213E41DD2E0EBB4200ACB15D /* Helpers */,
			);
			path = Utilities;
			sourceTree = "<group>";
		};
		213E41E32E0EBB4200ACB15D /* Components */ = {
			isa = PBXGroup;
			children = (
				213E41DF2E0EBB4200ACB15D /* EssayInputView.swift */,
				213E41E02E0EBB4200ACB15D /* EssayTypeSelector.swift */,
				213E41E12E0EBB4200ACB15D /* GradeButton.swift */,
				213E41E22E0EBB4200ACB15D /* PromptInputView.swift */,
			);
			path = Components;
			sourceTree = "<group>";
		};
		213E41E62E0EBB4200ACB15D /* Main */ = {
			isa = PBXGroup;
			children = (
				21E71A0C2E19CF23008646FF /* APIGradeResultsView.swift */,
				213E41E42E0EBB4200ACB15D /* ContentView.swift */,
			);
			path = Main;
			sourceTree = "<group>";
		};
		213E41E72E0EBB4200ACB15D /* Views */ = {
			isa = PBXGroup;
			children = (
				213E41E32E0EBB4200ACB15D /* Components */,
				213E41E62E0EBB4200ACB15D /* Main */,
			);
			path = Views;
			sourceTree = "<group>";
		};
		21E71A072E19C995008646FF /* Models */ = {
			isa = PBXGroup;
			children = (
				21E71A062E19C995008646FF /* APIModels.swift */,
			);
			path = Models;
			sourceTree = "<group>";
		};
		21E71A092E19C995008646FF /* Services */ = {
			isa = PBXGroup;
			children = (
				21E71A082E19C995008646FF /* NetworkService.swift */,
			);
			path = Services;
			sourceTree = "<group>";
		};
/* End PBXGroup section */

/* Begin PBXNativeTarget section */
		1234567890123451 /* APUSHGrader */ = {
			isa = PBXNativeTarget;
			buildConfigurationList = 1234567890123460 /* Build configuration list for PBXNativeTarget "APUSHGrader" */;
			buildPhases = (
				123456789012344E /* Sources */,
				123456789012344F /* Frameworks */,
				1234567890123450 /* Resources */,
			);
			buildRules = (
			);
			dependencies = (
			);
			name = APUSHGrader;
			productName = APUSHGrader;
			productReference = 1234567890123452 /* APUSHGrader.app */;
			productType = "com.apple.product-type.application";
		};
/* End PBXNativeTarget section */

/* Begin PBXProject section */
		123456789012344A /* Project object */ = {
			isa = PBXProject;
			attributes = {
				BuildIndependentTargetsInParallel = 1;
				LastSwiftUpdateCheck = 1640;
				LastUpgradeCheck = 1500;
				TargetAttributes = {
					1234567890123451 = {
						CreatedOnToolsVersion = 15.0;
					};
				};
			};
			buildConfigurationList = 123456789012344D /* Build configuration list for PBXProject "APUSHGrader" */;
			compatibilityVersion = "Xcode 14.0";
			developmentRegion = en;
			hasScannedForEncodings = 0;
			knownRegions = (
				en,
				Base,
			);
			mainGroup = 1234567890123449;
			packageReferences = (
			);
			productRefGroup = 1234567890123453 /* Products */;
			projectDirPath = "";
			projectRoot = "";
			targets = (
				1234567890123451 /* APUSHGrader */,
			);
		};
/* End PBXProject section */

/* Begin PBXResourcesBuildPhase section */
		1234567890123450 /* Resources */ = {
			isa = PBXResourcesBuildPhase;
			buildActionMask = 2147483647;
			files = (
				213E422D2E0ED37B00ACB15D /* Info.plist.template in Resources */,
				213E41E92E0EBB4200ACB15D /* Assets.xcassets in Resources */,
				213E422A2E0ED33600ACB15D /* CLAUDE.md in Resources */,
				21E71A022E17F520008646FF /* PLAN.md in Resources */,
				213E422B2E0ED33600ACB15D /* README.md in Resources */,
				213E41EA2E0EBB4200ACB15D /* Preview Assets.xcassets in Resources */,
			);
			runOnlyForDeploymentPostprocessing = 0;
		};
/* End PBXResourcesBuildPhase section */

/* Begin PBXSourcesBuildPhase section */
		123456789012344E /* Sources */ = {
			isa = PBXSourcesBuildPhase;
			buildActionMask = 2147483647;
			files = (
				213E41ED2E0EBB4200ACB15D /* GradeButton.swift in Sources */,
				213E41EF2E0EBB4200ACB15D /* PromptInputView.swift in Sources */,
				21E71A0A2E19C995008646FF /* NetworkService.swift in Sources */,
				21E71A0B2E19C995008646FF /* APIModels.swift in Sources */,
				213E41F72E0EBB4200ACB15D /* EssayTypeSelector.swift in Sources */,
				213E41FC2E0EBB4200ACB15D /* EssayInputView.swift in Sources */,
				21E71A0D2E19CF23008646FF /* APIGradeResultsView.swift in Sources */,
				213E42042E0EBB4200ACB15D /* APUSHGraderApp.swift in Sources */,
				213E42052E0EBB4200ACB15D /* ContentView.swift in Sources */,
			);
			runOnlyForDeploymentPostprocessing = 0;
		};
/* End PBXSourcesBuildPhase section */

/* Begin XCBuildConfiguration section */
		123456789012345E /* Debug */ = {
			isa = XCBuildConfiguration;
			buildSettings = {
				ALWAYS_SEARCH_USER_PATHS = NO;
				ASSETCATALOG_COMPILER_GENERATE_SWIFT_ASSET_SYMBOL_EXTENSIONS = YES;
				CLANG_ANALYZER_NONNULL = YES;
				CLANG_ANALYZER_NUMBER_OBJECT_CONVERSION = YES_AGGRESSIVE;
				CLANG_CXX_LANGUAGE_STANDARD = "gnu++20";
				CLANG_ENABLE_MODULES = YES;
				CLANG_ENABLE_OBJC_ARC = YES;
				CLANG_ENABLE_OBJC_WEAK = YES;
				CLANG_WARN_BLOCK_CAPTURE_AUTORELEASING = YES;
				CLANG_WARN_BOOL_CONVERSION = YES;
				CLANG_WARN_COMMA = YES;
				CLANG_WARN_CONSTANT_CONVERSION = YES;
				CLANG_WARN_DEPRECATED_OBJC_IMPLEMENTATIONS = YES;
				CLANG_WARN_DIRECT_OBJC_ISA_USAGE = YES_ERROR;
				CLANG_WARN_DOCUMENTATION_COMMENTS = YES;
				CLANG_WARN_EMPTY_BODY = YES;
				CLANG_WARN_ENUM_CONVERSION = YES;
				CLANG_WARN_INFINITE_RECURSION = YES;
				CLANG_WARN_INT_CONVERSION = YES;
				CLANG_WARN_NON_LITERAL_NULL_CONVERSION = YES;
				CLANG_WARN_OBJC_IMPLICIT_RETAIN_SELF = YES;
				CLANG_WARN_OBJC_LITERAL_CONVERSION = YES;
				CLANG_WARN_OBJC_ROOT_CLASS = YES_ERROR;
				CLANG_WARN_QUOTED_INCLUDE_IN_FRAMEWORK_HEADER = YES;
				CLANG_WARN_RANGE_LOOP_ANALYSIS = YES;
				CLANG_WARN_STRICT_PROTOTYPES = YES;
				CLANG_WARN_SUSPICIOUS_MOVE = YES;
				CLANG_WARN_UNGUARDED_AVAILABILITY = YES_AGGRESSIVE;
				CLANG_WARN_UNREACHABLE_CODE = YES;
				CLANG_WARN__DUPLICATE_METHOD_MATCH = YES;
				COPY_PHASE_STRIP = NO;
				DEBUG_INFORMATION_FORMAT = dwarf;
				ENABLE_STRICT_OBJC_MSGSEND = YES;
				ENABLE_TESTABILITY = YES;
				ENABLE_USER_SCRIPT_SANDBOXING = YES;
				GCC_C_LANGUAGE_STANDARD = gnu17;
				GCC_DYNAMIC_NO_PIC = NO;
				GCC_NO_COMMON_BLOCKS = YES;
				GCC_OPTIMIZATION_LEVEL = 0;
				GCC_PREPROCESSOR_DEFINITIONS = (
					"DEBUG=1",
					"$(inherited)",
				);
				GCC_WARN_64_TO_32_BIT_CONVERSION = YES;
				GCC_WARN_ABOUT_RETURN_TYPE = YES_ERROR;
				GCC_WARN_UNDECLARED_SELECTOR = YES;
				GCC_WARN_UNINITIALIZED_AUTOS = YES_AGGRESSIVE;
				GCC_WARN_UNUSED_FUNCTION = YES;
				GCC_WARN_UNUSED_VARIABLE = YES;
				IPHONEOS_DEPLOYMENT_TARGET = 17.0;
				LOCALIZATION_PREFERS_STRING_CATALOGS = YES;
				MTL_ENABLE_DEBUG_INFO = INCLUDE_SOURCE;
				MTL_FAST_MATH = YES;
				ONLY_ACTIVE_ARCH = YES;
				SDKROOT = iphoneos;
				SWIFT_ACTIVE_COMPILATION_CONDITIONS = "DEBUG $(inherited)";
				SWIFT_OPTIMIZATION_LEVEL = "-Onone";
			};
			name = Debug;
		};
		123456789012345F /* Release */ = {
			isa = XCBuildConfiguration;
			buildSettings = {
				ALWAYS_SEARCH_USER_PATHS = NO;
				ASSETCATALOG_COMPILER_GENERATE_SWIFT_ASSET_SYMBOL_EXTENSIONS = YES;
				CLANG_ANALYZER_NONNULL = YES;
				CLANG_ANALYZER_NUMBER_OBJECT_CONVERSION = YES_AGGRESSIVE;
				CLANG_CXX_LANGUAGE_STANDARD = "gnu++20";
				CLANG_ENABLE_MODULES = YES;
				CLANG_ENABLE_OBJC_ARC = YES;
				CLANG_ENABLE_OBJC_WEAK = YES;
				CLANG_WARN_BLOCK_CAPTURE_AUTORELEASING = YES;
				CLANG_WARN_BOOL_CONVERSION = YES;
				CLANG_WARN_COMMA = YES;
				CLANG_WARN_CONSTANT_CONVERSION = YES;
				CLANG_WARN_DEPRECATED_OBJC_IMPLEMENTATIONS = YES;
				CLANG_WARN_DIRECT_OBJC_ISA_USAGE = YES_ERROR;
				CLANG_WARN_DOCUMENTATION_COMMENTS = YES;
				CLANG_WARN_EMPTY_BODY = YES;
				CLANG_WARN_ENUM_CONVERSION = YES;
				CLANG_WARN_INFINITE_RECURSION = YES;
				CLANG_WARN_INT_CONVERSION = YES;
				CLANG_WARN_NON_LITERAL_NULL_CONVERSION = YES;
				CLANG_WARN_OBJC_IMPLICIT_RETAIN_SELF = YES;
				CLANG_WARN_OBJC_LITERAL_CONVERSION = YES;
				CLANG_WARN_OBJC_ROOT_CLASS = YES_ERROR;
				CLANG_WARN_QUOTED_INCLUDE_IN_FRAMEWORK_HEADER = YES;
				CLANG_WARN_RANGE_LOOP_ANALYSIS = YES;
				CLANG_WARN_STRICT_PROTOTYPES = YES;
				CLANG_WARN_SUSPICIOUS_MOVE = YES;
				CLANG_WARN_UNGUARDED_AVAILABILITY = YES_AGGRESSIVE;
				CLANG_WARN_UNREACHABLE_CODE = YES;
				CLANG_WARN__DUPLICATE_METHOD_MATCH = YES;
				COPY_PHASE_STRIP = NO;
				DEBUG_INFORMATION_FORMAT = "dwarf-with-dsym";
				ENABLE_NS_ASSERTIONS = NO;
				ENABLE_STRICT_OBJC_MSGSEND = YES;
				ENABLE_USER_SCRIPT_SANDBOXING = YES;
				GCC_C_LANGUAGE_STANDARD = gnu17;
				GCC_NO_COMMON_BLOCKS = YES;
				GCC_WARN_64_TO_32_BIT_CONVERSION = YES;
				GCC_WARN_ABOUT_RETURN_TYPE = YES_ERROR;
				GCC_WARN_UNDECLARED_SELECTOR = YES;
				GCC_WARN_UNINITIALIZED_AUTOS = YES_AGGRESSIVE;
				GCC_WARN_UNUSED_FUNCTION = YES;
				GCC_WARN_UNUSED_VARIABLE = YES;
				IPHONEOS_DEPLOYMENT_TARGET = 17.0;
				LOCALIZATION_PREFERS_STRING_CATALOGS = YES;
				MTL_ENABLE_DEBUG_INFO = NO;
				MTL_FAST_MATH = YES;
				SDKROOT = iphoneos;
				SWIFT_COMPILATION_MODE = wholemodule;
				VALIDATE_PRODUCT = YES;
			};
			name = Release;
		};
		1234567890123461 /* Debug */ = {
			isa = XCBuildConfiguration;
			buildSettings = {
				ASSETCATALOG_COMPILER_APPICON_NAME = AppIcon;
				ASSETCATALOG_COMPILER_GLOBAL_ACCENT_COLOR_NAME = AccentColor;
				CODE_SIGN_STYLE = Automatic;
				CURRENT_PROJECT_VERSION = 1;
				DEVELOPMENT_ASSET_PATHS = "\"APUSHGrader/Resources/Preview Content\"";
				DEVELOPMENT_TEAM = FW7825XU7W;
				ENABLE_PREVIEWS = YES;
				GENERATE_INFOPLIST_FILE = NO;
				INFOPLIST_FILE = APUSHGrader/App/Info.plist;
				INFOPLIST_KEY_UIApplicationSceneManifest_Generation = YES;
				INFOPLIST_KEY_UIApplicationSupportsIndirectInputEvents = YES;
				INFOPLIST_KEY_UILaunchScreen_Generation = YES;
				INFOPLIST_KEY_UISupportedInterfaceOrientations_iPad = "UIInterfaceOrientationPortrait UIInterfaceOrientationPortraitUpsideDown UIInterfaceOrientationLandscapeLeft UIInterfaceOrientationLandscapeRight";
				INFOPLIST_KEY_UISupportedInterfaceOrientations_iPhone = "UIInterfaceOrientationPortrait UIInterfaceOrientationLandscapeLeft UIInterfaceOrientationLandscapeRight";
				LD_RUNPATH_SEARCH_PATHS = (
					"$(inherited)",
					"@executable_path/Frameworks",
				);
				MARKETING_VERSION = 1.0;
				PRODUCT_BUNDLE_IDENTIFIER = com.kpfister.APUSHGrader;
				PRODUCT_NAME = "$(TARGET_NAME)";
				SUPPORTED_PLATFORMS = "iphoneos iphonesimulator";
				SUPPORTS_MACCATALYST = NO;
				SUPPORTS_XR_DESIGNED_FOR_IPHONE_IPAD = NO;
				SWIFT_EMIT_LOC_STRINGS = YES;
				SWIFT_VERSION = 5.0;
				TARGETED_DEVICE_FAMILY = "1,2";
			};
			name = Debug;
		};
		1234567890123462 /* Release */ = {
			isa = XCBuildConfiguration;
			buildSettings = {
				ASSETCATALOG_COMPILER_APPICON_NAME = AppIcon;
				ASSETCATALOG_COMPILER_GLOBAL_ACCENT_COLOR_NAME = AccentColor;
				CODE_SIGN_STYLE = Automatic;
				CURRENT_PROJECT_VERSION = 1;
				DEVELOPMENT_ASSET_PATHS = "\"APUSHGrader/Resources/Preview Content\"";
				DEVELOPMENT_TEAM = FW7825XU7W;
				ENABLE_PREVIEWS = YES;
				GENERATE_INFOPLIST_FILE = NO;
				INFOPLIST_FILE = APUSHGrader/App/Info.plist;
				INFOPLIST_KEY_UIApplicationSceneManifest_Generation = YES;
				INFOPLIST_KEY_UIApplicationSupportsIndirectInputEvents = YES;
				INFOPLIST_KEY_UILaunchScreen_Generation = YES;
				INFOPLIST_KEY_UISupportedInterfaceOrientations_iPad = "UIInterfaceOrientationPortrait UIInterfaceOrientationPortraitUpsideDown UIInterfaceOrientationLandscapeLeft UIInterfaceOrientationLandscapeRight";
				INFOPLIST_KEY_UISupportedInterfaceOrientations_iPhone = "UIInterfaceOrientationPortrait UIInterfaceOrientationLandscapeLeft UIInterfaceOrientationLandscapeRight";
				LD_RUNPATH_SEARCH_PATHS = (
					"$(inherited)",
					"@executable_path/Frameworks",
				);
				MARKETING_VERSION = 1.0;
				PRODUCT_BUNDLE_IDENTIFIER = com.kpfister.APUSHGrader;
				PRODUCT_NAME = "$(TARGET_NAME)";
				SUPPORTED_PLATFORMS = "iphoneos iphonesimulator";
				SUPPORTS_MACCATALYST = NO;
				SUPPORTS_XR_DESIGNED_FOR_IPHONE_IPAD = NO;
				SWIFT_EMIT_LOC_STRINGS = YES;
				SWIFT_VERSION = 5.0;
				TARGETED_DEVICE_FAMILY = "1,2";
			};
			name = Release;
		};
/* End XCBuildConfiguration section */

/* Begin XCConfigurationList section */
		123456789012344D /* Build configuration list for PBXProject "APUSHGrader" */ = {
			isa = XCConfigurationList;
			buildConfigurations = (
				123456789012345E /* Debug */,
				123456789012345F /* Release */,
			);
			defaultConfigurationIsVisible = 0;
			defaultConfigurationName = Release;
		};
		1234567890123460 /* Build configuration list for PBXNativeTarget "APUSHGrader" */ = {
			isa = XCConfigurationList;
			buildConfigurations = (
				1234567890123461 /* Debug */,
				1234567890123462 /* Release */,
			);
			defaultConfigurationIsVisible = 0;
			defaultConfigurationName = Release;
		};
/* End XCConfigurationList section */
	};
	rootObject = 123456789012344A /* Project object */;
}
